// !$*UTF8*$!
{
	archiveVersion = 1;
	classes = {
	};
	objectVersion = 50;
	objects = {

/* Begin PBXBuildFile section */
		41329B28879BCFB0AE4AE790 /* libPods-AccountModule.a in Frameworks */ = {isa = PBXBuildFile; fileRef = F525C1C631E19169C1F535F8 /* libPods-AccountModule.a */; };
		5392D0D8238513B100F765B9 /* AppDelegate.m in Sources */ = {isa = PBXBuildFile; fileRef = 5392D0D7238513B100F765B9 /* AppDelegate.m */; };
		5392D0DB238513B100F765B9 /* ViewController.m in Sources */ = {isa = PBXBuildFile; fileRef = 5392D0DA238513B100F765B9 /* ViewController.m */; };
		5392D0DE238513B100F765B9 /* Main.storyboard in Resources */ = {isa = PBXBuildFile; fileRef = 5392D0DC238513B100F765B9 /* Main.storyboard */; };
		5392D0E0238513B200F765B9 /* Assets.xcassets in Resources */ = {isa = PBXBuildFile; fileRef = 5392D0DF238513B200F765B9 /* Assets.xcassets */; };
		5392D0E3238513B200F765B9 /* LaunchScreen.storyboard in Resources */ = {isa = PBXBuildFile; fileRef = 5392D0E1238513B200F765B9 /* LaunchScreen.storyboard */; };
		5392D0E6238513B200F765B9 /* main.m in Sources */ = {isa = PBXBuildFile; fileRef = 5392D0E5238513B200F765B9 /* main.m */; };
		5392D1192385319D00F765B9 /* Target_Account.m in Sources */ = {isa = PBXBuildFile; fileRef = 5392D1182385319D00F765B9 /* Target_Account.m */; };
		5392D11C2385355F00F765B9 /* AccountLoginViewController.m in Sources */ = {isa = PBXBuildFile; fileRef = 5392D11B2385355F00F765B9 /* AccountLoginViewController.m */; };
		5392D11F2385383800F765B9 /* AccountUserService.m in Sources */ = {isa = PBXBuildFile; fileRef = 5392D11E2385383800F765B9 /* AccountUserService.m */; };
/* End PBXBuildFile section */

/* Begin PBXFileReference section */
		31B01F8EF7C54C731D9FA7C3 /* Pods-AccountModule.debug.xcconfig */ = {isa = PBXFileReference; includeInIndex = 1; lastKnownFileType = text.xcconfig; name = "Pods-AccountModule.debug.xcconfig"; path = "Target Support Files/Pods-AccountModule/Pods-AccountModule.debug.xcconfig"; sourceTree = "<group>"; };
		4273133C87316DC37961C13F /* Pods-AccountModule.release.xcconfig */ = {isa = PBXFileReference; includeInIndex = 1; lastKnownFileType = text.xcconfig; name = "Pods-AccountModule.release.xcconfig"; path = "Target Support Files/Pods-AccountModule/Pods-AccountModule.release.xcconfig"; sourceTree = "<group>"; };
		5392D0D3238513B100F765B9 /* AccountModule.app */ = {isa = PBXFileReference; explicitFileType = wrapper.application; includeInIndex = 0; path = AccountModule.app; sourceTree = BUILT_PRODUCTS_DIR; };
		5392D0D6238513B100F765B9 /* AppDelegate.h */ = {isa = PBXFileReference; lastKnownFileType = sourcecode.c.h; path = AppDelegate.h; sourceTree = "<group>"; };
		5392D0D7238513B100F765B9 /* AppDelegate.m */ = {isa = PBXFileReference; lastKnownFileType = sourcecode.c.objc; path = AppDelegate.m; sourceTree = "<group>"; };
		5392D0D9238513B100F765B9 /* ViewController.h */ = {isa = PBXFileReference; lastKnownFileType = sourcecode.c.h; path = ViewController.h; sourceTree = "<group>"; };
		5392D0DA238513B100F765B9 /* ViewController.m */ = {isa = PBXFileReference; lastKnownFileType = sourcecode.c.objc; path = ViewController.m; sourceTree = "<group>"; };
		5392D0DD238513B100F765B9 /* Base */ = {isa = PBXFileReference; lastKnownFileType = file.storyboard; name = Base; path = Base.lproj/Main.storyboard; sourceTree = "<group>"; };
		5392D0DF238513B200F765B9 /* Assets.xcassets */ = {isa = PBXFileReference; lastKnownFileType = folder.assetcatalog; path = Assets.xcassets; sourceTree = "<group>"; };
		5392D0E2238513B200F765B9 /* Base */ = {isa = PBXFileReference; lastKnownFileType = file.storyboard; name = Base; path = Base.lproj/LaunchScreen.storyboard; sourceTree = "<group>"; };
		5392D0E4238513B200F765B9 /* Info.plist */ = {isa = PBXFileReference; lastKnownFileType = text.plist.xml; path = Info.plist; sourceTree = "<group>"; };
		5392D0E5238513B200F765B9 /* main.m */ = {isa = PBXFileReference; lastKnownFileType = sourcecode.c.objc; path = main.m; sourceTree = "<group>"; };
		5392D1172385319D00F765B9 /* Target_Account.h */ = {isa = PBXFileReference; lastKnownFileType = sourcecode.c.h; path = Target_Account.h; sourceTree = "<group>"; };
		5392D1182385319D00F765B9 /* Target_Account.m */ = {isa = PBXFileReference; lastKnownFileType = sourcecode.c.objc; path = Target_Account.m; sourceTree = "<group>"; };
		5392D11A2385355F00F765B9 /* AccountLoginViewController.h */ = {isa = PBXFileReference; lastKnownFileType = sourcecode.c.h; path = AccountLoginViewController.h; sourceTree = "<group>"; };
		5392D11B2385355F00F765B9 /* AccountLoginViewController.m */ = {isa = PBXFileReference; lastKnownFileType = sourcecode.c.objc; path = AccountLoginViewController.m; sourceTree = "<group>"; };
		5392D11D2385383800F765B9 /* AccountUserService.h */ = {isa = PBXFileReference; lastKnownFileType = sourcecode.c.h; path = AccountUserService.h; sourceTree = "<group>"; };
		5392D11E2385383800F765B9 /* AccountUserService.m */ = {isa = PBXFileReference; lastKnownFileType = sourcecode.c.objc; path = AccountUserService.m; sourceTree = "<group>"; };
		F525C1C631E19169C1F535F8 /* libPods-AccountModule.a */ = {isa = PBXFileReference; explicitFileType = archive.ar; includeInIndex = 0; path = "libPods-AccountModule.a"; sourceTree = BUILT_PRODUCTS_DIR; };
/* End PBXFileReference section */

/* Begin PBXFrameworksBuildPhase section */
		5392D0D0238513B100F765B9 /* Frameworks */ = {
			isa = PBXFrameworksBuildPhase;
			buildActionMask = 2147483647;
			files = (
				41329B28879BCFB0AE4AE790 /* libPods-AccountModule.a in Frameworks */,
			);
			runOnlyForDeploymentPostprocessing = 0;
		};
/* End PBXFrameworksBuildPhase section */

/* Begin PBXGroup section */
		184572FC6952B0474007E817 /* Frameworks */ = {
			isa = PBXGroup;
			children = (
				F525C1C631E19169C1F535F8 /* libPods-AccountModule.a */,
			);
			name = Frameworks;
			sourceTree = "<group>";
		};
		5392D0CA238513B100F765B9 = {
			isa = PBXGroup;
			children = (
				5392D0D5238513B100F765B9 /* AccountModule */,
				5392D0D4238513B100F765B9 /* Products */,
				B7EC9617273146D5D1A1EB60 /* Pods */,
				184572FC6952B0474007E817 /* Frameworks */,
			);
			sourceTree = "<group>";
		};
		5392D0D4238513B100F765B9 /* Products */ = {
			isa = PBXGroup;
			children = (
				5392D0D3238513B100F765B9 /* AccountModule.app */,
			);
			name = Products;
			sourceTree = "<group>";
		};
		5392D0D5238513B100F765B9 /* AccountModule */ = {
			isa = PBXGroup;
			children = (
				5392D11323852FB900F765B9 /* AccountModule */,
				5392D0D6238513B100F765B9 /* AppDelegate.h */,
				5392D0D7238513B100F765B9 /* AppDelegate.m */,
				5392D0D9238513B100F765B9 /* ViewController.h */,
				5392D0DA238513B100F765B9 /* ViewController.m */,
				5392D0DC238513B100F765B9 /* Main.storyboard */,
				5392D0DF238513B200F765B9 /* Assets.xcassets */,
				5392D0E1238513B200F765B9 /* LaunchScreen.storyboard */,
				5392D0E4238513B200F765B9 /* Info.plist */,
				5392D0E5238513B200F765B9 /* main.m */,
			);
			path = AccountModule;
			sourceTree = "<group>";
		};
		5392D11323852FB900F765B9 /* AccountModule */ = {
			isa = PBXGroup;
			children = (
				5392D1142385312F00F765B9 /* Actions */,
				5392D1152385314100F765B9 /* Controller */,
				5392D1162385314C00F765B9 /* Model */,
			);
			path = AccountModule;
			sourceTree = "<group>";
		};
		5392D1142385312F00F765B9 /* Actions */ = {
			isa = PBXGroup;
			children = (
				5392D1172385319D00F765B9 /* Target_Account.h */,
				5392D1182385319D00F765B9 /* Target_Account.m */,
			);
			path = Actions;
			sourceTree = "<group>";
		};
		5392D1152385314100F765B9 /* Controller */ = {
			isa = PBXGroup;
			children = (
				5392D11A2385355F00F765B9 /* AccountLoginViewController.h */,
				5392D11B2385355F00F765B9 /* AccountLoginViewController.m */,
			);
			path = Controller;
			sourceTree = "<group>";
		};
		5392D1162385314C00F765B9 /* Model */ = {
			isa = PBXGroup;
			children = (
				5392D11D2385383800F765B9 /* AccountUserService.h */,
				5392D11E2385383800F765B9 /* AccountUserService.m */,
			);
			path = Model;
			sourceTree = "<group>";
		};
		B7EC9617273146D5D1A1EB60 /* Pods */ = {
			isa = PBXGroup;
			children = (
				31B01F8EF7C54C731D9FA7C3 /* Pods-AccountModule.debug.xcconfig */,
				4273133C87316DC37961C13F /* Pods-AccountModule.release.xcconfig */,
			);
			path = Pods;
			sourceTree = "<group>";
		};
/* End PBXGroup section */

/* Begin PBXNativeTarget section */
		5392D0D2238513B100F765B9 /* AccountModule */ = {
			isa = PBXNativeTarget;
			buildConfigurationList = 5392D0E9238513B200F765B9 /* Build configuration list for PBXNativeTarget "AccountModule" */;
			buildPhases = (
				D6F5BFA4FFE2825FAF7E8D14 /* [CP] Check Pods Manifest.lock */,
				5392D0CF238513B100F765B9 /* Sources */,
				5392D0D0238513B100F765B9 /* Frameworks */,
				5392D0D1238513B100F765B9 /* Resources */,
			);
			buildRules = (
			);
			dependencies = (
			);
			name = AccountModule;
			productName = AccountModule;
			productReference = 5392D0D3238513B100F765B9 /* AccountModule.app */;
			productType = "com.apple.product-type.application";
		};
/* End PBXNativeTarget section */

/* Begin PBXProject section */
		5392D0CB238513B100F765B9 /* Project object */ = {
			isa = PBXProject;
			attributes = {
				LastUpgradeCheck = 1000;
				ORGANIZATIONNAME = NB_Mac;
				TargetAttributes = {
					5392D0D2238513B100F765B9 = {
						CreatedOnToolsVersion = 10.0;
					};
				};
			};
			buildConfigurationList = 5392D0CE238513B100F765B9 /* Build configuration list for PBXProject "AccountModule" */;
			compatibilityVersion = "Xcode 9.3";
			developmentRegion = en;
			hasScannedForEncodings = 0;
			knownRegions = (
				en,
				Base,
			);
			mainGroup = 5392D0CA238513B100F765B9;
			productRefGroup = 5392D0D4238513B100F765B9 /* Products */;
			projectDirPath = "";
			projectRoot = "";
			targets = (
				5392D0D2238513B100F765B9 /* AccountModule */,
			);
		};
/* End PBXProject section */

/* Begin PBXResourcesBuildPhase section */
		5392D0D1238513B100F765B9 /* Resources */ = {
			isa = PBXResourcesBuildPhase;
			buildActionMask = 2147483647;
			files = (
				5392D0E3238513B200F765B9 /* LaunchScreen.storyboard in Resources */,
				5392D0E0238513B200F765B9 /* Assets.xcassets in Resources */,
				5392D0DE238513B100F765B9 /* Main.storyboard in Resources */,
			);
			runOnlyForDeploymentPostprocessing = 0;
		};
/* End PBXResourcesBuildPhase section */

/* Begin PBXShellScriptBuildPhase section */
		D6F5BFA4FFE2825FAF7E8D14 /* [CP] Check Pods Manifest.lock */ = {
			isa = PBXShellScriptBuildPhase;
			buildActionMask = 2147483647;
			files = (
			);
			inputFileListPaths = (
			);
			inputPaths = (
				"${PODS_PODFILE_DIR_PATH}/Podfile.lock",
				"${PODS_ROOT}/Manifest.lock",
			);
			name = "[CP] Check Pods Manifest.lock";
			outputFileListPaths = (
			);
			outputPaths = (
				"$(DERIVED_FILE_DIR)/Pods-AccountModule-checkManifestLockResult.txt",
			);
			runOnlyForDeploymentPostprocessing = 0;
			shellPath = /bin/sh;
			shellScript = "diff \"${PODS_PODFILE_DIR_PATH}/Podfile.lock\" \"${PODS_ROOT}/Manifest.lock\" > /dev/null\nif [ $? != 0 ] ; then\n    # print error to STDERR\n    echo \"error: The sandbox is not in sync with the Podfile.lock. Run 'pod install' or update your CocoaPods installation.\" >&2\n    exit 1\nfi\n# This output is used by Xcode 'outputs' to avoid re-running this script phase.\necho \"SUCCESS\" > \"${SCRIPT_OUTPUT_FILE_0}\"\n";
			showEnvVarsInLog = 0;
		};
/* End PBXShellScriptBuildPhase section */

/* Begin PBXSourcesBuildPhase section */
		5392D0CF238513B100F765B9 /* Sources */ = {
			isa = PBXSourcesBuildPhase;
			buildActionMask = 2147483647;
			files = (
				5392D11F2385383800F765B9 /* AccountUserService.m in Sources */,
				5392D0DB238513B100F765B9 /* ViewController.m in Sources */,
				5392D11C2385355F00F765B9 /* AccountLoginViewController.m in Sources */,
				5392D0E6238513B200F765B9 /* main.m in Sources */,
				5392D1192385319D00F765B9 /* Target_Account.m in Sources */,
				5392D0D8238513B100F765B9 /* AppDelegate.m in Sources */,
			);
			runOnlyForDeploymentPostprocessing = 0;
		};
/* End PBXSourcesBuildPhase section */

/* Begin PBXVariantGroup section */
		5392D0DC238513B100F765B9 /* Main.storyboard */ = {
			isa = PBXVariantGroup;
			children = (
				5392D0DD238513B100F765B9 /* Base */,
			);
			name = Main.storyboard;
			sourceTree = "<group>";
		};
		5392D0E1238513B200F765B9 /* LaunchScreen.storyboard */ = {
			isa = PBXVariantGroup;
			children = (
				5392D0E2238513B200F765B9 /* Base */,
			);
			name = LaunchScreen.storyboard;
			sourceTree = "<group>";
		};
/* End PBXVariantGroup section */

/* Begin XCBuildConfiguration section */
		5392D0E7238513B200F765B9 /* Debug */ = {
			isa = XCBuildConfiguration;
			buildSettings = {
				ALWAYS_SEARCH_USER_PATHS = NO;
				CLANG_ANALYZER_NONNULL = YES;
				CLANG_ANALYZER_NUMBER_OBJECT_CONVERSION = YES_AGGRESSIVE;
				CLANG_CXX_LANGUAGE_STANDARD = "gnu++14";
				CLANG_CXX_LIBRARY = "libc++";
				CLANG_ENABLE_MODULES = YES;
				CLANG_ENABLE_OBJC_ARC = YES;
				CLANG_ENABLE_OBJC_WEAK = YES;
				CLANG_WARN_BLOCK_CAPTURE_AUTORELEASING = YES;
				CLANG_WARN_BOOL_CONVERSION = YES;
				CLANG_WARN_COMMA = YES;
				CLANG_WARN_CONSTANT_CONVERSION = YES;
				CLANG_WARN_DEPRECATED_OBJC_IMPLEMENTATIONS = YES;
				CLANG_WARN_DIRECT_OBJC_ISA_USAGE = YES_ERROR;
				CLANG_WARN_DOCUMENTATION_COMMENTS = YES;
				CLANG_WARN_EMPTY_BODY = YES;
				CLANG_WARN_ENUM_CONVERSION = YES;
				CLANG_WARN_INFINITE_RECURSION = YES;
				CLANG_WARN_INT_CONVERSION = YES;
				CLANG_WARN_NON_LITERAL_NULL_CONVERSION = YES;
				CLANG_WARN_OBJC_IMPLICIT_RETAIN_SELF = YES;
				CLANG_WARN_OBJC_LITERAL_CONVERSION = YES;
				CLANG_WARN_OBJC_ROOT_CLASS = YES_ERROR;
				CLANG_WARN_RANGE_LOOP_ANALYSIS = YES;
				CLANG_WARN_STRICT_PROTOTYPES = YES;
				CLANG_WARN_SUSPICIOUS_MOVE = YES;
				CLANG_WARN_UNGUARDED_AVAILABILITY = YES_AGGRESSIVE;
				CLANG_WARN_UNREACHABLE_CODE = YES;
				CLANG_WARN__DUPLICATE_METHOD_MATCH = YES;
				CODE_SIGN_IDENTITY = "iPhone Developer";
				COPY_PHASE_STRIP = NO;
				DEBUG_INFORMATION_FORMAT = dwarf;
				ENABLE_STRICT_OBJC_MSGSEND = YES;
				ENABLE_TESTABILITY = YES;
				GCC_C_LANGUAGE_STANDARD = gnu11;
				GCC_DYNAMIC_NO_PIC = NO;
				GCC_NO_COMMON_BLOCKS = YES;
				GCC_OPTIMIZATION_LEVEL = 0;
				GCC_PREPROCESSOR_DEFINITIONS = (
					"DEBUG=1",
					"$(inherited)",
				);
				GCC_WARN_64_TO_32_BIT_CONVERSION = YES;
				GCC_WARN_ABOUT_RETURN_TYPE = YES_ERROR;
				GCC_WARN_UNDECLARED_SELECTOR = YES;
				GCC_WARN_UNINITIALIZED_AUTOS = YES_AGGRESSIVE;
				GCC_WARN_UNUSED_FUNCTION = YES;
				GCC_WARN_UNUSED_VARIABLE = YES;
				IPHONEOS_DEPLOYMENT_TARGET = 12.0;
				MTL_ENABLE_DEBUG_INFO = INCLUDE_SOURCE;
				MTL_FAST_MATH = YES;
				ONLY_ACTIVE_ARCH = YES;
				SDKROOT = iphoneos;
			};
			name = Debug;
		};
		5392D0E8238513B200F765B9 /* Release */ = {
			isa = XCBuildConfiguration;
			buildSettings = {
				ALWAYS_SEARCH_USER_PATHS = NO;
				CLANG_ANALYZER_NONNULL = YES;
				CLANG_ANALYZER_NUMBER_OBJECT_CONVERSION = YES_AGGRESSIVE;
				CLANG_CXX_LANGUAGE_STANDARD = "gnu++14";
				CLANG_CXX_LIBRARY = "libc++";
				CLANG_ENABLE_MODULES = YES;
				CLANG_ENABLE_OBJC_ARC = YES;
				CLANG_ENABLE_OBJC_WEAK = YES;
				CLANG_WARN_BLOCK_CAPTURE_AUTORELEASING = YES;
				CLANG_WARN_BOOL_CONVERSION = YES;
				CLANG_WARN_COMMA = YES;
				CLANG_WARN_CONSTANT_CONVERSION = YES;
				CLANG_WARN_DEPRECATED_OBJC_IMPLEMENTATIONS = YES;
				CLANG_WARN_DIRECT_OBJC_ISA_USAGE = YES_ERROR;
				CLANG_WARN_DOCUMENTATION_COMMENTS = YES;
				CLANG_WARN_EMPTY_BODY = YES;
				CLANG_WARN_ENUM_CONVERSION = YES;
				CLANG_WARN_INFINITE_RECURSION = YES;
				CLANG_WARN_INT_CONVERSION = YES;
				CLANG_WARN_NON_LITERAL_NULL_CONVERSION = YES;
				CLANG_WARN_OBJC_IMPLICIT_RETAIN_SELF = YES;
				CLANG_WARN_OBJC_LITERAL_CONVERSION = YES;
				CLANG_WARN_OBJC_ROOT_CLASS = YES_ERROR;
				CLANG_WARN_RANGE_LOOP_ANALYSIS = YES;
				CLANG_WARN_STRICT_PROTOTYPES = YES;
				CLANG_WARN_SUSPICIOUS_MOVE = YES;
				CLANG_WARN_UNGUARDED_AVAILABILITY = YES_AGGRESSIVE;
				CLANG_WARN_UNREACHABLE_CODE = YES;
				CLANG_WARN__DUPLICATE_METHOD_MATCH = YES;
				CODE_SIGN_IDENTITY = "iPhone Developer";
				COPY_PHASE_STRIP = NO;
				DEBUG_INFORMATION_FORMAT = "dwarf-with-dsym";
				ENABLE_NS_ASSERTIONS = NO;
				ENABLE_STRICT_OBJC_MSGSEND = YES;
				GCC_C_LANGUAGE_STANDARD = gnu11;
				GCC_NO_COMMON_BLOCKS = YES;
				GCC_WARN_64_TO_32_BIT_CONVERSION = YES;
				GCC_WARN_ABOUT_RETURN_TYPE = YES_ERROR;
				GCC_WARN_UNDECLARED_SELECTOR = YES;
				GCC_WARN_UNINITIALIZED_AUTOS = YES_AGGRESSIVE;
				GCC_WARN_UNUSED_FUNCTION = YES;
				GCC_WARN_UNUSED_VARIABLE = YES;
				IPHONEOS_DEPLOYMENT_TARGET = 12.0;
				MTL_ENABLE_DEBUG_INFO = NO;
				MTL_FAST_MATH = YES;
				SDKROOT = iphoneos;
				VALIDATE_PRODUCT = YES;
			};
			name = Release;
		};
		5392D0EA238513B200F765B9 /* Debug */ = {
			isa = XCBuildConfiguration;
			baseConfigurationReference = 31B01F8EF7C54C731D9FA7C3 /* Pods-AccountModule.debug.xcconfig */;
			buildSettings = {
				ASSETCATALOG_COMPILER_APPICON_NAME = AppIcon;
				CODE_SIGN_STYLE = Automatic;
				INFOPLIST_FILE = AccountModule/Info.plist;
				LD_RUNPATH_SEARCH_PATHS = (
					"$(inherited)",
					"@executable_path/Frameworks",
				);
				PRODUCT_BUNDLE_IDENTIFIER = com.wang.AccountModule;
				PRODUCT_NAME = "$(TARGET_NAME)";
				TARGETED_DEVICE_FAMILY = "1,2";
			};
			name = Debug;
		};
		5392D0EB238513B200F765B9 /* Release */ = {
			isa = XCBuildConfiguration;
			baseConfigurationReference = 4273133C87316DC37961C13F /* Pods-AccountModule.release.xcconfig */;
			buildSettings = {
				ASSETCATALOG_COMPILER_APPICON_NAME = AppIcon;
				CODE_SIGN_STYLE = Automatic;
				INFOPLIST_FILE = AccountModule/Info.plist;
				LD_RUNPATH_SEARCH_PATHS = (
					"$(inherited)",
					"@executable_path/Frameworks",
				);
				PRODUCT_BUNDLE_IDENTIFIER = com.wang.AccountModule;
				PRODUCT_NAME = "$(TARGET_NAME)";
				TARGETED_DEVICE_FAMILY = "1,2";
			};
			name = Release;
		};
/* End XCBuildConfiguration section */

/* Begin XCConfigurationList section */
		5392D0CE238513B100F765B9 /* Build configuration list for PBXProject "AccountModule" */ = {
			isa = XCConfigurationList;
			buildConfigurations = (
				5392D0E7238513B200F765B9 /* Debug */,
				5392D0E8238513B200F765B9 /* Release */,
			);
			defaultConfigurationIsVisible = 0;
			defaultConfigurationName = Release;
		};
		5392D0E9238513B200F765B9 /* Build configuration list for PBXNativeTarget "AccountModule" */ = {
			isa = XCConfigurationList;
			buildConfigurations = (
				5392D0EA238513B200F765B9 /* Debug */,
				5392D0EB238513B200F765B9 /* Release */,
			);
			defaultConfigurationIsVisible = 0;
			defaultConfigurationName = Release;
		};
/* End XCConfigurationList section */
	};
	rootObject = 5392D0CB238513B100F765B9 /* Project object */;
}
